
Microsoft Visual Studio Solution File, Format Version 12.00
# Visual Studio 15
VisualStudioVersion = 15.0.28307.1082
MinimumVisualStudioVersion = 10.0.40219.1
Project("{8BC9CEB8-8B4A-11D0-8D11-00A0C91BC942}") = "PTMatC", "PTMatC.vcxproj", "{713D42B5-C36C-4908-9AED-2AA190A689EF}"
EndProject
Project("{8BC9CEB8-8B4A-11D0-8D11-00A0C91BC942}") = "PTMatC-Test", "PTMatC-Test.vcxproj", "{6FFB71A1-889F-4AF2-950D-150074209A6E}"
EndProject
Project("{8BC9CEB8-8B4A-11D0-8D11-00A0C91BC942}") = "LLVM-8", "LLVM-8.vcxproj", "{249FC6D0-73F8-4DD0-9BA1-8C5B5A92553B}"
EndProject
Global
	GlobalSection(SolutionConfigurationPlatforms) = preSolution
		Debug|x64 = Debug|x64
		Debug|x86 = Debug|x86
		Release|x64 = Release|x64
		Release|x86 = Release|x86
	EndGlobalSection
	GlobalSection(ProjectConfigurationPlatforms) = postSolution
		{713D42B5-C36C-4908-9AED-2AA190A689EF}.Debug|x64.ActiveCfg = Debug|x64
		{713D42B5-C36C-4908-9AED-2AA190A689EF}.Debug|x64.Build.0 = Debug|x64
		{713D42B5-C36C-4908-9AED-2AA190A689EF}.Debug|x86.ActiveCfg = Debug|Win32
		{713D42B5-C36C-4908-9AED-2AA190A689EF}.Debug|x86.Build.0 = Debug|Win32
		{713D42B5-C36C-4908-9AED-2AA190A689EF}.Release|x64.ActiveCfg = Release|x64
		{713D42B5-C36C-4908-9AED-2AA190A689EF}.Release|x64.Build.0 = Release|x64
		{713D42B5-C36C-4908-9AED-2AA190A689EF}.Release|x86.ActiveCfg = Release|Win32
		{713D42B5-C36C-4908-9AED-2AA190A689EF}.Release|x86.Build.0 = Release|Win32
		{6FFB71A1-889F-4AF2-950D-150074209A6E}.Debug|x64.ActiveCfg = Debug|x64
		{6FFB71A1-889F-4AF2-950D-150074209A6E}.Debug|x64.Build.0 = Debug|x64
		{6FFB71A1-889F-4AF2-950D-150074209A6E}.Debug|x86.ActiveCfg = Debug|Win32
		{6FFB71A1-889F-4AF2-950D-150074209A6E}.Debug|x86.Build.0 = Debug|Win32
		{6FFB71A1-889F-4AF2-950D-150074209A6E}.Release|x64.ActiveCfg = Release|x64
		{6FFB71A1-889F-4AF2-950D-150074209A6E}.Release|x64.Build.0 = Release|x64
		{6FFB71A1-889F-4AF2-950D-150074209A6E}.Release|x86.ActiveCfg = Release|Win32
		{6FFB71A1-889F-4AF2-950D-150074209A6E}.Release|x86.Build.0 = Release|Win32
		{249FC6D0-73F8-4DD0-9BA1-8C5B5A92553B}.Debug|x64.ActiveCfg = Debug|x64
		{249FC6D0-73F8-4DD0-9BA1-8C5B5A92553B}.Debug|x64.Build.0 = Debug|x64
		{249FC6D0-73F8-4DD0-9BA1-8C5B5A92553B}.Debug|x86.ActiveCfg = Debug|Win32
		{249FC6D0-73F8-4DD0-9BA1-8C5B5A92553B}.Debug|x86.Build.0 = Debug|Win32
		{249FC6D0-73F8-4DD0-9BA1-8C5B5A92553B}.Release|x64.ActiveCfg = Release|x64
		{249FC6D0-73F8-4DD0-9BA1-8C5B5A92553B}.Release|x64.Build.0 = Release|x64
		{249FC6D0-73F8-4DD0-9BA1-8C5B5A92553B}.Release|x86.ActiveCfg = Release|Win32
		{249FC6D0-73F8-4DD0-9BA1-8C5B5A92553B}.Release|x86.Build.0 = Release|Win32
	EndGlobalSection
	GlobalSection(SolutionProperties) = preSolution
		HideSolutionNode = FALSE
	EndGlobalSection
	GlobalSection(ExtensibilityGlobals) = postSolution
		SolutionGuid = {5DFA8E83-EFEE-4FA2-B4C2-B673D79F765D}
	EndGlobalSection
EndGlobal
